
Microsoft Visual Studio Solution File, Format Version 12.00
# Visual Studio 2012
VisualStudioVersion = 12.0.31101.0
MinimumVisualStudioVersion = 10.0.40219.1
Project("{2150E333-8FDC-42A3-9474-1A3956D46DE8}") = "1 - UI", "1 - UI", "{8B2E9376-3B74-4CA0-A16D-EEB3AF652BC3}"
EndProject
Project("{FAE04EC0-301F-11D3-BF4B-00C04F79EFBC}") = "MonocleCLI", "MonocleCLI\MonocleCLI.csproj", "{50CC59C3-F082-4448-948B-FD6D94F49A11}"
EndProject
Project("{FAE04EC0-301F-11D3-BF4B-00C04F79EFBC}") = "MonocleUI", "MonocleUI\MonocleUI.csproj", "{F26A720C-3861-417E-8625-5C924EC709E1}"
EndProject
Project("{2150E333-8FDC-42A3-9474-1A3956D46DE8}") = "2 - Core", "2 - Core", "{C718FD77-48A5-4B1A-983F-A5D2476C130F}"
EndProject
Project("{FAE04EC0-301F-11D3-BF4B-00C04F79EFBC}") = "CodeApes.Monocle.Core", "Core\CodeApes.Monocle.Core.csproj", "{7CB65A20-03D3-4B42-96D7-0523BCDC967F}"
EndProject
Project("{FAE04EC0-301F-11D3-BF4B-00C04F79EFBC}") = "CodeApes.Monocle.Core.Tests", "Core.Tests\CodeApes.Monocle.Core.Tests.csproj", "{CC179A28-9C24-43DD-9861-AAD4D2756F4D}"
EndProject
Project("{2150E333-8FDC-42A3-9474-1A3956D46DE8}") = "Include", "Include", "{0DFAB8EB-56F0-4CA0-86DE-4ADC4559E4EB}"
	ProjectSection(SolutionItems) = preProject
		Include\Version.cs = Include\Version.cs
		packages\repositories.config = packages\repositories.config
	EndProjectSection
EndProject
Project("{2150E333-8FDC-42A3-9474-1A3956D46DE8}") = "3 - Global", "3 - Global", "{A9C1DA82-C2B7-47C7-8A10-56AD7041E593}"
EndProject
Project("{FAE04EC0-301F-11D3-BF4B-00C04F79EFBC}") = "CodeApes.Monocle.Testing", "Testing\CodeApes.Monocle.Testing.csproj", "{CD723D9C-3BE8-4D52-A61A-D75B693CD75E}"
EndProject
Project("{FAE04EC0-301F-11D3-BF4B-00C04F79EFBC}") = "CodeApes.Monocle.Utils", "Utils\CodeApes.Monocle.Utils.csproj", "{2E959829-66A4-4180-9E49-2227B90D1E4F}"
EndProject
Project("{FAE04EC0-301F-11D3-BF4B-00C04F79EFBC}") = "CodeApes.Monocle.Utils.Tests", "Utils.Tests\CodeApes.Monocle.Utils.Tests.csproj", "{65013203-230B-4E17-96CA-2C67EF8A72C9}"
EndProject
Global
	GlobalSection(SolutionConfigurationPlatforms) = preSolution
		Debug|Any CPU = Debug|Any CPU
		Release|Any CPU = Release|Any CPU
		AppStore|Any CPU = AppStore|Any CPU
	EndGlobalSection
	GlobalSection(ProjectConfigurationPlatforms) = postSolution
		{2E959829-66A4-4180-9E49-2227B90D1E4F}.AppStore|Any CPU.ActiveCfg = Release|Any CPU
		{2E959829-66A4-4180-9E49-2227B90D1E4F}.AppStore|Any CPU.Build.0 = Release|Any CPU
		{2E959829-66A4-4180-9E49-2227B90D1E4F}.Debug|Any CPU.ActiveCfg = Debug|Any CPU
		{2E959829-66A4-4180-9E49-2227B90D1E4F}.Debug|Any CPU.Build.0 = Debug|Any CPU
		{2E959829-66A4-4180-9E49-2227B90D1E4F}.Release|Any CPU.ActiveCfg = Release|Any CPU
		{2E959829-66A4-4180-9E49-2227B90D1E4F}.Release|Any CPU.Build.0 = Release|Any CPU
		{50CC59C3-F082-4448-948B-FD6D94F49A11}.AppStore|Any CPU.ActiveCfg = Release|Any CPU
		{50CC59C3-F082-4448-948B-FD6D94F49A11}.AppStore|Any CPU.Build.0 = Release|Any CPU
		{50CC59C3-F082-4448-948B-FD6D94F49A11}.Debug|Any CPU.ActiveCfg = Debug|Any CPU
		{50CC59C3-F082-4448-948B-FD6D94F49A11}.Debug|Any CPU.Build.0 = Debug|Any CPU
		{50CC59C3-F082-4448-948B-FD6D94F49A11}.Release|Any CPU.ActiveCfg = Release|Any CPU
		{50CC59C3-F082-4448-948B-FD6D94F49A11}.Release|Any CPU.Build.0 = Release|Any CPU
		{65013203-230B-4E17-96CA-2C67EF8A72C9}.AppStore|Any CPU.ActiveCfg = Release|Any CPU
		{65013203-230B-4E17-96CA-2C67EF8A72C9}.AppStore|Any CPU.Build.0 = Release|Any CPU
		{65013203-230B-4E17-96CA-2C67EF8A72C9}.Debug|Any CPU.ActiveCfg = Debug|Any CPU
		{65013203-230B-4E17-96CA-2C67EF8A72C9}.Debug|Any CPU.Build.0 = Debug|Any CPU
		{65013203-230B-4E17-96CA-2C67EF8A72C9}.Release|Any CPU.ActiveCfg = Release|Any CPU
		{65013203-230B-4E17-96CA-2C67EF8A72C9}.Release|Any CPU.Build.0 = Release|Any CPU
		{7CB65A20-03D3-4B42-96D7-0523BCDC967F}.AppStore|Any CPU.ActiveCfg = Release|Any CPU
		{7CB65A20-03D3-4B42-96D7-0523BCDC967F}.AppStore|Any CPU.Build.0 = Release|Any CPU
		{7CB65A20-03D3-4B42-96D7-0523BCDC967F}.Debug|Any CPU.ActiveCfg = Debug|Any CPU
		{7CB65A20-03D3-4B42-96D7-0523BCDC967F}.Debug|Any CPU.Build.0 = Debug|Any CPU
		{7CB65A20-03D3-4B42-96D7-0523BCDC967F}.Release|Any CPU.ActiveCfg = Release|Any CPU
		{7CB65A20-03D3-4B42-96D7-0523BCDC967F}.Release|Any CPU.Build.0 = Release|Any CPU
		{CC179A28-9C24-43DD-9861-AAD4D2756F4D}.AppStore|Any CPU.ActiveCfg = Release|Any CPU
		{CC179A28-9C24-43DD-9861-AAD4D2756F4D}.AppStore|Any CPU.Build.0 = Release|Any CPU
		{CC179A28-9C24-43DD-9861-AAD4D2756F4D}.Debug|Any CPU.ActiveCfg = Debug|Any CPU
		{CC179A28-9C24-43DD-9861-AAD4D2756F4D}.Debug|Any CPU.Build.0 = Debug|Any CPU
		{CC179A28-9C24-43DD-9861-AAD4D2756F4D}.Release|Any CPU.ActiveCfg = Release|Any CPU
		{CC179A28-9C24-43DD-9861-AAD4D2756F4D}.Release|Any CPU.Build.0 = Release|Any CPU
		{CD723D9C-3BE8-4D52-A61A-D75B693CD75E}.AppStore|Any CPU.ActiveCfg = Release|Any CPU
		{CD723D9C-3BE8-4D52-A61A-D75B693CD75E}.AppStore|Any CPU.Build.0 = Release|Any CPU
		{CD723D9C-3BE8-4D52-A61A-D75B693CD75E}.Debug|Any CPU.ActiveCfg = Debug|Any CPU
		{CD723D9C-3BE8-4D52-A61A-D75B693CD75E}.Debug|Any CPU.Build.0 = Debug|Any CPU
		{CD723D9C-3BE8-4D52-A61A-D75B693CD75E}.Release|Any CPU.ActiveCfg = Release|Any CPU
		{CD723D9C-3BE8-4D52-A61A-D75B693CD75E}.Release|Any CPU.Build.0 = Release|Any CPU
		{F26A720C-3861-417E-8625-5C924EC709E1}.AppStore|Any CPU.ActiveCfg = AppStore|Any CPU
		{F26A720C-3861-417E-8625-5C924EC709E1}.AppStore|Any CPU.Build.0 = AppStore|Any CPU
		{F26A720C-3861-417E-8625-5C924EC709E1}.Debug|Any CPU.ActiveCfg = Debug|Any CPU
		{F26A720C-3861-417E-8625-5C924EC709E1}.Debug|Any CPU.Build.0 = Debug|Any CPU
		{F26A720C-3861-417E-8625-5C924EC709E1}.Release|Any CPU.ActiveCfg = Release|Any CPU
		{F26A720C-3861-417E-8625-5C924EC709E1}.Release|Any CPU.Build.0 = Release|Any CPU
	EndGlobalSection
	GlobalSection(NestedProjects) = preSolution
		{50CC59C3-F082-4448-948B-FD6D94F49A11} = {8B2E9376-3B74-4CA0-A16D-EEB3AF652BC3}
		{F26A720C-3861-417E-8625-5C924EC709E1} = {8B2E9376-3B74-4CA0-A16D-EEB3AF652BC3}
		{7CB65A20-03D3-4B42-96D7-0523BCDC967F} = {C718FD77-48A5-4B1A-983F-A5D2476C130F}
		{CC179A28-9C24-43DD-9861-AAD4D2756F4D} = {C718FD77-48A5-4B1A-983F-A5D2476C130F}
		{CD723D9C-3BE8-4D52-A61A-D75B693CD75E} = {A9C1DA82-C2B7-47C7-8A10-56AD7041E593}
		{2E959829-66A4-4180-9E49-2227B90D1E4F} = {A9C1DA82-C2B7-47C7-8A10-56AD7041E593}
		{65013203-230B-4E17-96CA-2C67EF8A72C9} = {A9C1DA82-C2B7-47C7-8A10-56AD7041E593}
	EndGlobalSection
	GlobalSection(SolutionProperties) = preSolution
		HideSolutionNode = FALSE
	EndGlobalSection
EndGlobal
