
Microsoft Visual Studio Solution File, Format Version 12.00
# Visual Studio 2012
VisualStudioVersion = 12.0.31101.0
MinimumVisualStudioVersion = 10.0.40219.1
Project("{2150E333-8FDC-42A3-9474-1A3956D46DE8}") = "1 - UI", "1 - UI", "{8B2E9376-3B74-4CA0-A16D-EEB3AF652BC3}"
EndProject
Project("{FAE04EC0-301F-11D3-BF4B-00C04F79EFBC}") = "MonocleCLI", "MonocleCLI\MonocleCLI.csproj", "{50CC59C3-F082-4448-948B-FD6D94F49A11}"
EndProject
Project("{FAE04EC0-301F-11D3-BF4B-00C04F79EFBC}") = "MonocleUI.Gtk3", "MonocleUI.Gtk3\MonocleUI.Gtk3.csproj", "{D562D6FF-88BD-4A3A-A7E1-D2881A76DE29}"
EndProject
Project("{FAE04EC0-301F-11D3-BF4B-00C04F79EFBC}") = "MonocleUI.WinForms", "MonocleUI.WinForms\MonocleUI.WinForms.csproj", "{DC84E101-E975-47BD-8825-7290F6C65BBC}"
EndProject
Project("{FAE04EC0-301F-11D3-BF4B-00C04F79EFBC}") = "MonocleUI.Mac", "MonocleUI.Mac\MonocleUI.Mac.csproj", "{2B1085FF-3040-4423-8E3F-D76DAAFE45AE}"
EndProject
Project("{FAE04EC0-301F-11D3-BF4B-00C04F79EFBC}") = "MonocleUI", "MonocleUI\MonocleUI.csproj", "{A7394A15-CF9A-485F-A4B9-8C7E041358EB}"
EndProject
Project("{2150E333-8FDC-42A3-9474-1A3956D46DE8}") = "2 - Core", "2 - Core", "{C718FD77-48A5-4B1A-983F-A5D2476C130F}"
EndProject
Project("{FAE04EC0-301F-11D3-BF4B-00C04F79EFBC}") = "CodeApes.Monocle.Core", "Core\CodeApes.Monocle.Core.csproj", "{7CB65A20-03D3-4B42-96D7-0523BCDC967F}"
EndProject
Project("{FAE04EC0-301F-11D3-BF4B-00C04F79EFBC}") = "CodeApes.Monocle.Core.Tests", "Core.Tests\CodeApes.Monocle.Core.Tests.csproj", "{CC179A28-9C24-43DD-9861-AAD4D2756F4D}"
EndProject
Project("{2150E333-8FDC-42A3-9474-1A3956D46DE8}") = "Include", "Include", "{0DFAB8EB-56F0-4CA0-86DE-4ADC4559E4EB}"
	ProjectSection(SolutionItems) = preProject
		packages\repositories.config = packages\repositories.config
		Include\Version.cs = Include\Version.cs
	EndProjectSection
EndProject
Project("{2150E333-8FDC-42A3-9474-1A3956D46DE8}") = "4 - Global", "4 - Global", "{A9C1DA82-C2B7-47C7-8A10-56AD7041E593}"
EndProject
Project("{FAE04EC0-301F-11D3-BF4B-00C04F79EFBC}") = "CodeApes.Monocle.Testing", "Testing\CodeApes.Monocle.Testing.csproj", "{CD723D9C-3BE8-4D52-A61A-D75B693CD75E}"
EndProject
Project("{FAE04EC0-301F-11D3-BF4B-00C04F79EFBC}") = "CodeApes.Monocle.Utils", "Utils\CodeApes.Monocle.Utils.csproj", "{2E959829-66A4-4180-9E49-2227B90D1E4F}"
EndProject
Project("{FAE04EC0-301F-11D3-BF4B-00C04F79EFBC}") = "CodeApes.Monocle.Utils.Tests", "Utils.Tests\CodeApes.Monocle.Utils.Tests.csproj", "{65013203-230B-4E17-96CA-2C67EF8A72C9}"
EndProject
Project("{2150E333-8FDC-42A3-9474-1A3956D46DE8}") = "3 - Backend", "3 - Backend", "{B903B944-9B7D-4DC0-9C3D-82BCAE2E0FF5}"
EndProject
Global
	GlobalSection(SolutionConfigurationPlatforms) = preSolution
		AppStore|Any CPU = AppStore|Any CPU
		AppStore|Mixed Platforms = AppStore|Mixed Platforms
		AppStore|x86 = AppStore|x86
		Debug|Any CPU = Debug|Any CPU
		Debug|Mixed Platforms = Debug|Mixed Platforms
		Debug|x86 = Debug|x86
		Release|Any CPU = Release|Any CPU
		Release|Mixed Platforms = Release|Mixed Platforms
		Release|x86 = Release|x86
	EndGlobalSection
	GlobalSection(ProjectConfigurationPlatforms) = postSolution
		{2B1085FF-3040-4423-8E3F-D76DAAFE45AE}.AppStore|Any CPU.ActiveCfg = AppStore|Any CPU
		{2B1085FF-3040-4423-8E3F-D76DAAFE45AE}.AppStore|Any CPU.Build.0 = AppStore|Any CPU
		{2B1085FF-3040-4423-8E3F-D76DAAFE45AE}.AppStore|Mixed Platforms.ActiveCfg = AppStore|Any CPU
		{2B1085FF-3040-4423-8E3F-D76DAAFE45AE}.AppStore|Mixed Platforms.Build.0 = AppStore|Any CPU
		{2B1085FF-3040-4423-8E3F-D76DAAFE45AE}.AppStore|x86.ActiveCfg = AppStore|Any CPU
		{2B1085FF-3040-4423-8E3F-D76DAAFE45AE}.AppStore|x86.Build.0 = AppStore|Any CPU
		{2B1085FF-3040-4423-8E3F-D76DAAFE45AE}.Debug|Any CPU.ActiveCfg = Debug|Any CPU
		{2B1085FF-3040-4423-8E3F-D76DAAFE45AE}.Debug|Any CPU.Build.0 = Debug|Any CPU
		{2B1085FF-3040-4423-8E3F-D76DAAFE45AE}.Debug|Mixed Platforms.ActiveCfg = Debug|Any CPU
		{2B1085FF-3040-4423-8E3F-D76DAAFE45AE}.Debug|Mixed Platforms.Build.0 = Debug|Any CPU
		{2B1085FF-3040-4423-8E3F-D76DAAFE45AE}.Debug|x86.ActiveCfg = Debug|Any CPU
		{2B1085FF-3040-4423-8E3F-D76DAAFE45AE}.Debug|x86.Build.0 = Debug|Any CPU
		{2B1085FF-3040-4423-8E3F-D76DAAFE45AE}.Release|Any CPU.ActiveCfg = Release|Any CPU
		{2B1085FF-3040-4423-8E3F-D76DAAFE45AE}.Release|Any CPU.Build.0 = Release|Any CPU
		{2B1085FF-3040-4423-8E3F-D76DAAFE45AE}.Release|Mixed Platforms.ActiveCfg = Release|Any CPU
		{2B1085FF-3040-4423-8E3F-D76DAAFE45AE}.Release|Mixed Platforms.Build.0 = Release|Any CPU
		{2B1085FF-3040-4423-8E3F-D76DAAFE45AE}.Release|x86.ActiveCfg = Release|Any CPU
		{2B1085FF-3040-4423-8E3F-D76DAAFE45AE}.Release|x86.Build.0 = Release|Any CPU
		{2E959829-66A4-4180-9E49-2227B90D1E4F}.AppStore|Any CPU.ActiveCfg = Release|Any CPU
		{2E959829-66A4-4180-9E49-2227B90D1E4F}.AppStore|Any CPU.Build.0 = Release|Any CPU
		{2E959829-66A4-4180-9E49-2227B90D1E4F}.AppStore|Mixed Platforms.ActiveCfg = Debug|Any CPU
		{2E959829-66A4-4180-9E49-2227B90D1E4F}.AppStore|Mixed Platforms.Build.0 = Debug|Any CPU
		{2E959829-66A4-4180-9E49-2227B90D1E4F}.AppStore|x86.ActiveCfg = Debug|Any CPU
		{2E959829-66A4-4180-9E49-2227B90D1E4F}.Debug|Any CPU.ActiveCfg = Debug|Any CPU
		{2E959829-66A4-4180-9E49-2227B90D1E4F}.Debug|Any CPU.Build.0 = Debug|Any CPU
		{2E959829-66A4-4180-9E49-2227B90D1E4F}.Debug|Mixed Platforms.ActiveCfg = Debug|Any CPU
		{2E959829-66A4-4180-9E49-2227B90D1E4F}.Debug|Mixed Platforms.Build.0 = Debug|Any CPU
		{2E959829-66A4-4180-9E49-2227B90D1E4F}.Debug|x86.ActiveCfg = Debug|Any CPU
		{2E959829-66A4-4180-9E49-2227B90D1E4F}.Release|Any CPU.ActiveCfg = Release|Any CPU
		{2E959829-66A4-4180-9E49-2227B90D1E4F}.Release|Any CPU.Build.0 = Release|Any CPU
		{2E959829-66A4-4180-9E49-2227B90D1E4F}.Release|Mixed Platforms.ActiveCfg = Release|Any CPU
		{2E959829-66A4-4180-9E49-2227B90D1E4F}.Release|Mixed Platforms.Build.0 = Release|Any CPU
		{2E959829-66A4-4180-9E49-2227B90D1E4F}.Release|x86.ActiveCfg = Release|Any CPU
		{50CC59C3-F082-4448-948B-FD6D94F49A11}.AppStore|Any CPU.ActiveCfg = Release|Any CPU
		{50CC59C3-F082-4448-948B-FD6D94F49A11}.AppStore|Any CPU.Build.0 = Release|Any CPU
		{50CC59C3-F082-4448-948B-FD6D94F49A11}.AppStore|Mixed Platforms.ActiveCfg = Debug|Any CPU
		{50CC59C3-F082-4448-948B-FD6D94F49A11}.AppStore|Mixed Platforms.Build.0 = Debug|Any CPU
		{50CC59C3-F082-4448-948B-FD6D94F49A11}.AppStore|x86.ActiveCfg = Debug|Any CPU
		{50CC59C3-F082-4448-948B-FD6D94F49A11}.Debug|Any CPU.ActiveCfg = Debug|Any CPU
		{50CC59C3-F082-4448-948B-FD6D94F49A11}.Debug|Any CPU.Build.0 = Debug|Any CPU
		{50CC59C3-F082-4448-948B-FD6D94F49A11}.Debug|Mixed Platforms.ActiveCfg = Debug|Any CPU
		{50CC59C3-F082-4448-948B-FD6D94F49A11}.Debug|Mixed Platforms.Build.0 = Debug|Any CPU
		{50CC59C3-F082-4448-948B-FD6D94F49A11}.Debug|x86.ActiveCfg = Debug|Any CPU
		{50CC59C3-F082-4448-948B-FD6D94F49A11}.Release|Any CPU.ActiveCfg = Release|Any CPU
		{50CC59C3-F082-4448-948B-FD6D94F49A11}.Release|Any CPU.Build.0 = Release|Any CPU
		{50CC59C3-F082-4448-948B-FD6D94F49A11}.Release|Mixed Platforms.ActiveCfg = Release|Any CPU
		{50CC59C3-F082-4448-948B-FD6D94F49A11}.Release|Mixed Platforms.Build.0 = Release|Any CPU
		{50CC59C3-F082-4448-948B-FD6D94F49A11}.Release|x86.ActiveCfg = Release|Any CPU
		{65013203-230B-4E17-96CA-2C67EF8A72C9}.AppStore|Any CPU.ActiveCfg = Release|Any CPU
		{65013203-230B-4E17-96CA-2C67EF8A72C9}.AppStore|Any CPU.Build.0 = Release|Any CPU
		{65013203-230B-4E17-96CA-2C67EF8A72C9}.AppStore|Mixed Platforms.ActiveCfg = Debug|Any CPU
		{65013203-230B-4E17-96CA-2C67EF8A72C9}.AppStore|Mixed Platforms.Build.0 = Debug|Any CPU
		{65013203-230B-4E17-96CA-2C67EF8A72C9}.AppStore|x86.ActiveCfg = Debug|Any CPU
		{65013203-230B-4E17-96CA-2C67EF8A72C9}.Debug|Any CPU.ActiveCfg = Debug|Any CPU
		{65013203-230B-4E17-96CA-2C67EF8A72C9}.Debug|Any CPU.Build.0 = Debug|Any CPU
		{65013203-230B-4E17-96CA-2C67EF8A72C9}.Debug|Mixed Platforms.ActiveCfg = Debug|Any CPU
		{65013203-230B-4E17-96CA-2C67EF8A72C9}.Debug|Mixed Platforms.Build.0 = Debug|Any CPU
		{65013203-230B-4E17-96CA-2C67EF8A72C9}.Debug|x86.ActiveCfg = Debug|Any CPU
		{65013203-230B-4E17-96CA-2C67EF8A72C9}.Release|Any CPU.ActiveCfg = Release|Any CPU
		{65013203-230B-4E17-96CA-2C67EF8A72C9}.Release|Any CPU.Build.0 = Release|Any CPU
		{65013203-230B-4E17-96CA-2C67EF8A72C9}.Release|Mixed Platforms.ActiveCfg = Release|Any CPU
		{65013203-230B-4E17-96CA-2C67EF8A72C9}.Release|Mixed Platforms.Build.0 = Release|Any CPU
		{65013203-230B-4E17-96CA-2C67EF8A72C9}.Release|x86.ActiveCfg = Release|Any CPU
		{7CB65A20-03D3-4B42-96D7-0523BCDC967F}.AppStore|Any CPU.ActiveCfg = Release|Any CPU
		{7CB65A20-03D3-4B42-96D7-0523BCDC967F}.AppStore|Any CPU.Build.0 = Release|Any CPU
		{7CB65A20-03D3-4B42-96D7-0523BCDC967F}.AppStore|Mixed Platforms.ActiveCfg = Debug|Any CPU
		{7CB65A20-03D3-4B42-96D7-0523BCDC967F}.AppStore|Mixed Platforms.Build.0 = Debug|Any CPU
		{7CB65A20-03D3-4B42-96D7-0523BCDC967F}.AppStore|x86.ActiveCfg = Debug|Any CPU
		{7CB65A20-03D3-4B42-96D7-0523BCDC967F}.Debug|Any CPU.ActiveCfg = Debug|Any CPU
		{7CB65A20-03D3-4B42-96D7-0523BCDC967F}.Debug|Any CPU.Build.0 = Debug|Any CPU
		{7CB65A20-03D3-4B42-96D7-0523BCDC967F}.Debug|Mixed Platforms.ActiveCfg = Debug|Any CPU
		{7CB65A20-03D3-4B42-96D7-0523BCDC967F}.Debug|Mixed Platforms.Build.0 = Debug|Any CPU
		{7CB65A20-03D3-4B42-96D7-0523BCDC967F}.Debug|x86.ActiveCfg = Debug|Any CPU
		{7CB65A20-03D3-4B42-96D7-0523BCDC967F}.Release|Any CPU.ActiveCfg = Release|Any CPU
		{7CB65A20-03D3-4B42-96D7-0523BCDC967F}.Release|Any CPU.Build.0 = Release|Any CPU
		{7CB65A20-03D3-4B42-96D7-0523BCDC967F}.Release|Mixed Platforms.ActiveCfg = Release|Any CPU
		{7CB65A20-03D3-4B42-96D7-0523BCDC967F}.Release|Mixed Platforms.Build.0 = Release|Any CPU
		{7CB65A20-03D3-4B42-96D7-0523BCDC967F}.Release|x86.ActiveCfg = Release|Any CPU
		{A7394A15-CF9A-485F-A4B9-8C7E041358EB}.AppStore|Any CPU.ActiveCfg = Release|Any CPU
		{A7394A15-CF9A-485F-A4B9-8C7E041358EB}.AppStore|Any CPU.Build.0 = Release|Any CPU
		{A7394A15-CF9A-485F-A4B9-8C7E041358EB}.AppStore|Mixed Platforms.ActiveCfg = Release|Any CPU
		{A7394A15-CF9A-485F-A4B9-8C7E041358EB}.AppStore|Mixed Platforms.Build.0 = Release|Any CPU
		{A7394A15-CF9A-485F-A4B9-8C7E041358EB}.AppStore|x86.ActiveCfg = Release|Any CPU
		{A7394A15-CF9A-485F-A4B9-8C7E041358EB}.AppStore|x86.Build.0 = Release|Any CPU
		{A7394A15-CF9A-485F-A4B9-8C7E041358EB}.Debug|Any CPU.ActiveCfg = Debug|Any CPU
		{A7394A15-CF9A-485F-A4B9-8C7E041358EB}.Debug|Any CPU.Build.0 = Debug|Any CPU
		{A7394A15-CF9A-485F-A4B9-8C7E041358EB}.Debug|Mixed Platforms.ActiveCfg = Debug|Any CPU
		{A7394A15-CF9A-485F-A4B9-8C7E041358EB}.Debug|Mixed Platforms.Build.0 = Debug|Any CPU
		{A7394A15-CF9A-485F-A4B9-8C7E041358EB}.Debug|x86.ActiveCfg = Debug|Any CPU
		{A7394A15-CF9A-485F-A4B9-8C7E041358EB}.Debug|x86.Build.0 = Debug|Any CPU
		{A7394A15-CF9A-485F-A4B9-8C7E041358EB}.Release|Any CPU.ActiveCfg = Release|Any CPU
		{A7394A15-CF9A-485F-A4B9-8C7E041358EB}.Release|Any CPU.Build.0 = Release|Any CPU
		{A7394A15-CF9A-485F-A4B9-8C7E041358EB}.Release|Mixed Platforms.ActiveCfg = Release|Any CPU
		{A7394A15-CF9A-485F-A4B9-8C7E041358EB}.Release|Mixed Platforms.Build.0 = Release|Any CPU
		{A7394A15-CF9A-485F-A4B9-8C7E041358EB}.Release|x86.ActiveCfg = Release|Any CPU
		{A7394A15-CF9A-485F-A4B9-8C7E041358EB}.Release|x86.Build.0 = Release|Any CPU
		{CC179A28-9C24-43DD-9861-AAD4D2756F4D}.AppStore|Any CPU.ActiveCfg = Release|Any CPU
		{CC179A28-9C24-43DD-9861-AAD4D2756F4D}.AppStore|Any CPU.Build.0 = Release|Any CPU
		{CC179A28-9C24-43DD-9861-AAD4D2756F4D}.AppStore|Mixed Platforms.ActiveCfg = Debug|Any CPU
		{CC179A28-9C24-43DD-9861-AAD4D2756F4D}.AppStore|Mixed Platforms.Build.0 = Debug|Any CPU
		{CC179A28-9C24-43DD-9861-AAD4D2756F4D}.AppStore|x86.ActiveCfg = Debug|Any CPU
		{CC179A28-9C24-43DD-9861-AAD4D2756F4D}.Debug|Any CPU.ActiveCfg = Debug|Any CPU
		{CC179A28-9C24-43DD-9861-AAD4D2756F4D}.Debug|Any CPU.Build.0 = Debug|Any CPU
		{CC179A28-9C24-43DD-9861-AAD4D2756F4D}.Debug|Mixed Platforms.ActiveCfg = Debug|Any CPU
		{CC179A28-9C24-43DD-9861-AAD4D2756F4D}.Debug|Mixed Platforms.Build.0 = Debug|Any CPU
		{CC179A28-9C24-43DD-9861-AAD4D2756F4D}.Debug|x86.ActiveCfg = Debug|Any CPU
		{CC179A28-9C24-43DD-9861-AAD4D2756F4D}.Release|Any CPU.ActiveCfg = Release|Any CPU
		{CC179A28-9C24-43DD-9861-AAD4D2756F4D}.Release|Any CPU.Build.0 = Release|Any CPU
		{CC179A28-9C24-43DD-9861-AAD4D2756F4D}.Release|Mixed Platforms.ActiveCfg = Release|Any CPU
		{CC179A28-9C24-43DD-9861-AAD4D2756F4D}.Release|Mixed Platforms.Build.0 = Release|Any CPU
		{CC179A28-9C24-43DD-9861-AAD4D2756F4D}.Release|x86.ActiveCfg = Release|Any CPU
		{CD723D9C-3BE8-4D52-A61A-D75B693CD75E}.AppStore|Any CPU.ActiveCfg = Release|Any CPU
		{CD723D9C-3BE8-4D52-A61A-D75B693CD75E}.AppStore|Any CPU.Build.0 = Release|Any CPU
		{CD723D9C-3BE8-4D52-A61A-D75B693CD75E}.AppStore|Mixed Platforms.ActiveCfg = Debug|Any CPU
		{CD723D9C-3BE8-4D52-A61A-D75B693CD75E}.AppStore|Mixed Platforms.Build.0 = Debug|Any CPU
		{CD723D9C-3BE8-4D52-A61A-D75B693CD75E}.AppStore|x86.ActiveCfg = Debug|Any CPU
		{CD723D9C-3BE8-4D52-A61A-D75B693CD75E}.Debug|Any CPU.ActiveCfg = Debug|Any CPU
		{CD723D9C-3BE8-4D52-A61A-D75B693CD75E}.Debug|Any CPU.Build.0 = Debug|Any CPU
		{CD723D9C-3BE8-4D52-A61A-D75B693CD75E}.Debug|Mixed Platforms.ActiveCfg = Debug|Any CPU
		{CD723D9C-3BE8-4D52-A61A-D75B693CD75E}.Debug|Mixed Platforms.Build.0 = Debug|Any CPU
		{CD723D9C-3BE8-4D52-A61A-D75B693CD75E}.Debug|x86.ActiveCfg = Debug|Any CPU
		{CD723D9C-3BE8-4D52-A61A-D75B693CD75E}.Release|Any CPU.ActiveCfg = Release|Any CPU
		{CD723D9C-3BE8-4D52-A61A-D75B693CD75E}.Release|Any CPU.Build.0 = Release|Any CPU
		{CD723D9C-3BE8-4D52-A61A-D75B693CD75E}.Release|Mixed Platforms.ActiveCfg = Release|Any CPU
		{CD723D9C-3BE8-4D52-A61A-D75B693CD75E}.Release|Mixed Platforms.Build.0 = Release|Any CPU
		{CD723D9C-3BE8-4D52-A61A-D75B693CD75E}.Release|x86.ActiveCfg = Release|Any CPU
		{D562D6FF-88BD-4A3A-A7E1-D2881A76DE29}.AppStore|Any CPU.ActiveCfg = Release|x86
		{D562D6FF-88BD-4A3A-A7E1-D2881A76DE29}.AppStore|Mixed Platforms.ActiveCfg = Release|x86
		{D562D6FF-88BD-4A3A-A7E1-D2881A76DE29}.AppStore|Mixed Platforms.Build.0 = Release|x86
		{D562D6FF-88BD-4A3A-A7E1-D2881A76DE29}.AppStore|x86.ActiveCfg = Release|x86
		{D562D6FF-88BD-4A3A-A7E1-D2881A76DE29}.AppStore|x86.Build.0 = Release|x86
		{D562D6FF-88BD-4A3A-A7E1-D2881A76DE29}.Debug|Any CPU.ActiveCfg = Debug|x86
		{D562D6FF-88BD-4A3A-A7E1-D2881A76DE29}.Debug|Mixed Platforms.ActiveCfg = Debug|x86
		{D562D6FF-88BD-4A3A-A7E1-D2881A76DE29}.Debug|Mixed Platforms.Build.0 = Debug|x86
		{D562D6FF-88BD-4A3A-A7E1-D2881A76DE29}.Debug|x86.ActiveCfg = Debug|x86
		{D562D6FF-88BD-4A3A-A7E1-D2881A76DE29}.Debug|x86.Build.0 = Debug|x86
		{D562D6FF-88BD-4A3A-A7E1-D2881A76DE29}.Release|Any CPU.ActiveCfg = Release|x86
		{D562D6FF-88BD-4A3A-A7E1-D2881A76DE29}.Release|Mixed Platforms.ActiveCfg = Release|x86
		{D562D6FF-88BD-4A3A-A7E1-D2881A76DE29}.Release|Mixed Platforms.Build.0 = Release|x86
		{D562D6FF-88BD-4A3A-A7E1-D2881A76DE29}.Release|x86.ActiveCfg = Release|x86
		{D562D6FF-88BD-4A3A-A7E1-D2881A76DE29}.Release|x86.Build.0 = Release|x86
		{DC84E101-E975-47BD-8825-7290F6C65BBC}.AppStore|Any CPU.ActiveCfg = Release|x86
		{DC84E101-E975-47BD-8825-7290F6C65BBC}.AppStore|Mixed Platforms.ActiveCfg = Release|x86
		{DC84E101-E975-47BD-8825-7290F6C65BBC}.AppStore|Mixed Platforms.Build.0 = Release|x86
		{DC84E101-E975-47BD-8825-7290F6C65BBC}.AppStore|x86.ActiveCfg = Release|x86
		{DC84E101-E975-47BD-8825-7290F6C65BBC}.AppStore|x86.Build.0 = Release|x86
		{DC84E101-E975-47BD-8825-7290F6C65BBC}.Debug|Any CPU.ActiveCfg = Debug|x86
		{DC84E101-E975-47BD-8825-7290F6C65BBC}.Debug|Mixed Platforms.ActiveCfg = Debug|x86
		{DC84E101-E975-47BD-8825-7290F6C65BBC}.Debug|Mixed Platforms.Build.0 = Debug|x86
		{DC84E101-E975-47BD-8825-7290F6C65BBC}.Debug|x86.ActiveCfg = Debug|x86
		{DC84E101-E975-47BD-8825-7290F6C65BBC}.Debug|x86.Build.0 = Debug|x86
		{DC84E101-E975-47BD-8825-7290F6C65BBC}.Release|Any CPU.ActiveCfg = Release|x86
		{DC84E101-E975-47BD-8825-7290F6C65BBC}.Release|Mixed Platforms.ActiveCfg = Release|x86
		{DC84E101-E975-47BD-8825-7290F6C65BBC}.Release|Mixed Platforms.Build.0 = Release|x86
		{DC84E101-E975-47BD-8825-7290F6C65BBC}.Release|x86.ActiveCfg = Release|x86
		{DC84E101-E975-47BD-8825-7290F6C65BBC}.Release|x86.Build.0 = Release|x86
	EndGlobalSection
	GlobalSection(NestedProjects) = preSolution
		{50CC59C3-F082-4448-948B-FD6D94F49A11} = {8B2E9376-3B74-4CA0-A16D-EEB3AF652BC3}
		{D562D6FF-88BD-4A3A-A7E1-D2881A76DE29} = {8B2E9376-3B74-4CA0-A16D-EEB3AF652BC3}
		{DC84E101-E975-47BD-8825-7290F6C65BBC} = {8B2E9376-3B74-4CA0-A16D-EEB3AF652BC3}
		{2B1085FF-3040-4423-8E3F-D76DAAFE45AE} = {8B2E9376-3B74-4CA0-A16D-EEB3AF652BC3}
		{A7394A15-CF9A-485F-A4B9-8C7E041358EB} = {8B2E9376-3B74-4CA0-A16D-EEB3AF652BC3}
		{7CB65A20-03D3-4B42-96D7-0523BCDC967F} = {C718FD77-48A5-4B1A-983F-A5D2476C130F}
		{CC179A28-9C24-43DD-9861-AAD4D2756F4D} = {C718FD77-48A5-4B1A-983F-A5D2476C130F}
		{CD723D9C-3BE8-4D52-A61A-D75B693CD75E} = {A9C1DA82-C2B7-47C7-8A10-56AD7041E593}
		{2E959829-66A4-4180-9E49-2227B90D1E4F} = {A9C1DA82-C2B7-47C7-8A10-56AD7041E593}
		{65013203-230B-4E17-96CA-2C67EF8A72C9} = {A9C1DA82-C2B7-47C7-8A10-56AD7041E593}
	EndGlobalSection
	GlobalSection(SharedMSBuildProjectFiles) = preSolution
		MonocleUI\MonocleUI.projitems*{d562d6ff-88bd-4a3a-a7e1-d2881a76de29}*SharedItemsImports = 4
		MonocleUI\MonocleUI.projitems*{3e154779-651f-4d6d-814f-b73b287d3ce8}*SharedItemsImports = 4
		MonocleUI\MonocleUI.projitems*{6d34a007-a6fc-43dc-b936-37242ed2d403}*SharedItemsImports = 13
		MonocleUI\MonocleUI.projitems*{dc84e101-e975-47bd-8825-7290f6c65bbc}*SharedItemsImports = 4
	EndGlobalSection
	GlobalSection(SolutionProperties) = preSolution
		HideSolutionNode = FALSE
	EndGlobalSection
EndGlobal
