
Microsoft Visual Studio Solution File, Format Version 12.00
# Visual Studio 2013
VisualStudioVersion = 12.0.31101.0
MinimumVisualStudioVersion = 10.0.40219.1
Project("{FAE04EC0-301F-11D3-BF4B-00C04F79EFBC}") = "MonocleCLI", "MonocleCLI\MonocleCLI.csproj", "{50CC59C3-F082-4448-948B-FD6D94F49A11}"
EndProject
Project("{FAE04EC0-301F-11D3-BF4B-00C04F79EFBC}") = "Core", "Core\Core.csproj", "{7CB65A20-03D3-4B42-96D7-0523BCDC967F}"
EndProject
Project("{2150E333-8FDC-42A3-9474-1A3956D46DE8}") = "1 - UI", "1 - UI", "{8B2E9376-3B74-4CA0-A16D-EEB3AF652BC3}"
EndProject
Project("{2150E333-8FDC-42A3-9474-1A3956D46DE8}") = "2 - Core", "2 - Core", "{C718FD77-48A5-4B1A-983F-A5D2476C130F}"
EndProject
Project("{2150E333-8FDC-42A3-9474-1A3956D46DE8}") = "Include", "Include", "{0DFAB8EB-56F0-4CA0-86DE-4ADC4559E4EB}"
	ProjectSection(SolutionItems) = preProject
		Include\Version.cs = Include\Version.cs
	EndProjectSection
EndProject
Global
	GlobalSection(SolutionConfigurationPlatforms) = preSolution
		Debug|Any CPU = Debug|Any CPU
		Release|Any CPU = Release|Any CPU
	EndGlobalSection
	GlobalSection(ProjectConfigurationPlatforms) = postSolution
		{50CC59C3-F082-4448-948B-FD6D94F49A11}.Debug|Any CPU.ActiveCfg = Debug|Any CPU
		{50CC59C3-F082-4448-948B-FD6D94F49A11}.Debug|Any CPU.Build.0 = Debug|Any CPU
		{50CC59C3-F082-4448-948B-FD6D94F49A11}.Release|Any CPU.ActiveCfg = Release|Any CPU
		{50CC59C3-F082-4448-948B-FD6D94F49A11}.Release|Any CPU.Build.0 = Release|Any CPU
		{7CB65A20-03D3-4B42-96D7-0523BCDC967F}.Debug|Any CPU.ActiveCfg = Debug|Any CPU
		{7CB65A20-03D3-4B42-96D7-0523BCDC967F}.Debug|Any CPU.Build.0 = Debug|Any CPU
		{7CB65A20-03D3-4B42-96D7-0523BCDC967F}.Release|Any CPU.ActiveCfg = Release|Any CPU
		{7CB65A20-03D3-4B42-96D7-0523BCDC967F}.Release|Any CPU.Build.0 = Release|Any CPU
	EndGlobalSection
	GlobalSection(SolutionProperties) = preSolution
		HideSolutionNode = FALSE
	EndGlobalSection
	GlobalSection(NestedProjects) = preSolution
		{50CC59C3-F082-4448-948B-FD6D94F49A11} = {8B2E9376-3B74-4CA0-A16D-EEB3AF652BC3}
		{7CB65A20-03D3-4B42-96D7-0523BCDC967F} = {C718FD77-48A5-4B1A-983F-A5D2476C130F}
	EndGlobalSection
EndGlobal
